// !$*UTF8*$!
{
	archiveVersion = 1;
	classes = {
	};
	objectVersion = 52;
	objects = {

/* Begin PBXBuildFile section */
		8E18EDC925F4B3EC0049554A /* TDClient.swift in Sources */ = {isa = PBXBuildFile; fileRef = 8E18ED8925F4A2A80049554A /* TDClient.swift */; };
		8E27194E25F4A14500A263D2 /* TGWatchOS WatchKit App.app in Embed Watch Content */ = {isa = PBXBuildFile; fileRef = 8E27194D25F4A14500A263D2 /* TGWatchOS WatchKit App.app */; settings = {ATTRIBUTES = (RemoveHeadersOnCopy, ); }; };
		8E27195425F4A14500A263D2 /* Interface.storyboard in Resources */ = {isa = PBXBuildFile; fileRef = 8E27195225F4A14500A263D2 /* Interface.storyboard */; };
		8E27195625F4A14600A263D2 /* Assets.xcassets in Resources */ = {isa = PBXBuildFile; fileRef = 8E27195525F4A14600A263D2 /* Assets.xcassets */; };
		8E27195D25F4A14600A263D2 /* TGWatchOS WatchKit Extension.appex in Embed App Extensions */ = {isa = PBXBuildFile; fileRef = 8E27195C25F4A14600A263D2 /* TGWatchOS WatchKit Extension.appex */; settings = {ATTRIBUTES = (RemoveHeadersOnCopy, ); }; };
		8E27196225F4A14600A263D2 /* HostingController.swift in Sources */ = {isa = PBXBuildFile; fileRef = 8E27196125F4A14600A263D2 /* HostingController.swift */; };
		8E27196425F4A14600A263D2 /* ContentView.swift in Sources */ = {isa = PBXBuildFile; fileRef = 8E27196325F4A14600A263D2 /* ContentView.swift */; };
		8E27196625F4A14600A263D2 /* ExtensionDelegate.swift in Sources */ = {isa = PBXBuildFile; fileRef = 8E27196525F4A14600A263D2 /* ExtensionDelegate.swift */; };
		8E27196A25F4A14600A263D2 /* Assets.xcassets in Resources */ = {isa = PBXBuildFile; fileRef = 8E27196925F4A14600A263D2 /* Assets.xcassets */; };
		8E3DE0D6265668E100A29D7F /* libtdjson.dylib in Frameworks */ = {isa = PBXBuildFile; fileRef = 8E3DE0D5265668D900A29D7F /* libtdjson.dylib */; };
		8E3DE0D7265668E100A29D7F /* libtdjson.dylib in Embed Libraries */ = {isa = PBXBuildFile; fileRef = 8E3DE0D5265668D900A29D7F /* libtdjson.dylib */; settings = {ATTRIBUTES = (CodeSignOnCopy, ); }; };
		8EB3418A25F5D0A10030F121 /* TGService.swift in Sources */ = {isa = PBXBuildFile; fileRef = 8EB3418925F5D0A10030F121 /* TGService.swift */; };
		8ECD9533265A5A7800F6B600 /* TGWatchUI in Frameworks */ = {isa = PBXBuildFile; productRef = 8ECD9532265A5A7800F6B600 /* TGWatchUI */; };
		8ECD9535265A5B0900F6B600 /* Logger.swift in Sources */ = {isa = PBXBuildFile; fileRef = 8ECD9534265A5B0900F6B600 /* Logger.swift */; };
		8ECD9537265A5BF500F6B600 /* Secrets.swift in Sources */ = {isa = PBXBuildFile; fileRef = 8ECD9536265A5BF500F6B600 /* Secrets.swift */; };
/* End PBXBuildFile section */

/* Begin PBXContainerItemProxy section */
		8E27194F25F4A14500A263D2 /* PBXContainerItemProxy */ = {
			isa = PBXContainerItemProxy;
			containerPortal = 8E27194325F4A14400A263D2 /* Project object */;
			proxyType = 1;
			remoteGlobalIDString = 8E27194C25F4A14500A263D2;
			remoteInfo = "TGWatchOS WatchKit App";
		};
		8E27195E25F4A14600A263D2 /* PBXContainerItemProxy */ = {
			isa = PBXContainerItemProxy;
			containerPortal = 8E27194325F4A14400A263D2 /* Project object */;
			proxyType = 1;
			remoteGlobalIDString = 8E27195B25F4A14600A263D2;
			remoteInfo = "TGWatchOS WatchKit Extension";
		};
/* End PBXContainerItemProxy section */

/* Begin PBXCopyFilesBuildPhase section */
		8E27197425F4A14600A263D2 /* Embed App Extensions */ = {
			isa = PBXCopyFilesBuildPhase;
			buildActionMask = 2147483647;
			dstPath = "";
			dstSubfolderSpec = 13;
			files = (
				8E27195D25F4A14600A263D2 /* TGWatchOS WatchKit Extension.appex in Embed App Extensions */,
			);
			name = "Embed App Extensions";
			runOnlyForDeploymentPostprocessing = 0;
		};
		8E27197825F4A14600A263D2 /* Embed Watch Content */ = {
			isa = PBXCopyFilesBuildPhase;
			buildActionMask = 2147483647;
			dstPath = "$(CONTENTS_FOLDER_PATH)/Watch";
			dstSubfolderSpec = 16;
			files = (
				8E27194E25F4A14500A263D2 /* TGWatchOS WatchKit App.app in Embed Watch Content */,
			);
			name = "Embed Watch Content";
			runOnlyForDeploymentPostprocessing = 0;
		};
		8E4B8B6625F4ED8D001F4238 /* Embed Libraries */ = {
			isa = PBXCopyFilesBuildPhase;
			buildActionMask = 2147483647;
			dstPath = "";
			dstSubfolderSpec = 10;
			files = (
				8E3DE0D7265668E100A29D7F /* libtdjson.dylib in Embed Libraries */,
			);
			name = "Embed Libraries";
			runOnlyForDeploymentPostprocessing = 0;
		};
/* End PBXCopyFilesBuildPhase section */

/* Begin PBXFileReference section */
		8E18ED8725F4A2A80049554A /* TDLibBridgingHeader.h */ = {isa = PBXFileReference; fileEncoding = 4; lastKnownFileType = sourcecode.c.h; path = TDLibBridgingHeader.h; sourceTree = "<group>"; };
		8E18ED8925F4A2A80049554A /* TDClient.swift */ = {isa = PBXFileReference; fileEncoding = 4; lastKnownFileType = sourcecode.swift; path = TDClient.swift; sourceTree = "<group>"; };
		8E18ED9925F4A3030049554A /* README.md */ = {isa = PBXFileReference; lastKnownFileType = net.daringfireball.markdown; path = README.md; sourceTree = "<group>"; };
		8E18EDBD25F4B3E00049554A /* TlObject.h */ = {isa = PBXFileReference; fileEncoding = 4; lastKnownFileType = sourcecode.c.h; path = TlObject.h; sourceTree = "<group>"; };
		8E18EDBF25F4B3E00049554A /* tdjson_export.h */ = {isa = PBXFileReference; fileEncoding = 4; lastKnownFileType = sourcecode.c.h; path = tdjson_export.h; sourceTree = "<group>"; };
		8E18EDC025F4B3E00049554A /* td_json_client.h */ = {isa = PBXFileReference; fileEncoding = 4; lastKnownFileType = sourcecode.c.h; path = td_json_client.h; sourceTree = "<group>"; };
		8E18EDC125F4B3E00049554A /* Client.h */ = {isa = PBXFileReference; fileEncoding = 4; lastKnownFileType = sourcecode.c.h; path = Client.h; sourceTree = "<group>"; };
		8E18EDC225F4B3E00049554A /* td_api.h */ = {isa = PBXFileReference; fileEncoding = 4; lastKnownFileType = sourcecode.c.h; path = td_api.h; sourceTree = "<group>"; };
		8E18EDC325F4B3E00049554A /* td_log.h */ = {isa = PBXFileReference; fileEncoding = 4; lastKnownFileType = sourcecode.c.h; path = td_log.h; sourceTree = "<group>"; };
		8E18EDC425F4B3E00049554A /* td_api.hpp */ = {isa = PBXFileReference; fileEncoding = 4; lastKnownFileType = sourcecode.cpp.h; path = td_api.hpp; sourceTree = "<group>"; };
		8E18EDC525F4B3E00049554A /* Log.h */ = {isa = PBXFileReference; fileEncoding = 4; lastKnownFileType = sourcecode.c.h; path = Log.h; sourceTree = "<group>"; };
		8E27194925F4A14400A263D2 /* TGWatchOS.app */ = {isa = PBXFileReference; explicitFileType = wrapper.application; includeInIndex = 0; path = TGWatchOS.app; sourceTree = BUILT_PRODUCTS_DIR; };
		8E27194D25F4A14500A263D2 /* TGWatchOS WatchKit App.app */ = {isa = PBXFileReference; explicitFileType = wrapper.application; includeInIndex = 0; path = "TGWatchOS WatchKit App.app"; sourceTree = BUILT_PRODUCTS_DIR; };
		8E27195325F4A14500A263D2 /* Base */ = {isa = PBXFileReference; lastKnownFileType = file.storyboard; name = Base; path = Base.lproj/Interface.storyboard; sourceTree = "<group>"; };
		8E27195525F4A14600A263D2 /* Assets.xcassets */ = {isa = PBXFileReference; lastKnownFileType = folder.assetcatalog; path = Assets.xcassets; sourceTree = "<group>"; };
		8E27195725F4A14600A263D2 /* Info.plist */ = {isa = PBXFileReference; lastKnownFileType = text.plist.xml; path = Info.plist; sourceTree = "<group>"; };
		8E27195C25F4A14600A263D2 /* TGWatchOS WatchKit Extension.appex */ = {isa = PBXFileReference; explicitFileType = "wrapper.app-extension"; includeInIndex = 0; path = "TGWatchOS WatchKit Extension.appex"; sourceTree = BUILT_PRODUCTS_DIR; };
		8E27196125F4A14600A263D2 /* HostingController.swift */ = {isa = PBXFileReference; lastKnownFileType = sourcecode.swift; path = HostingController.swift; sourceTree = "<group>"; };
		8E27196325F4A14600A263D2 /* ContentView.swift */ = {isa = PBXFileReference; lastKnownFileType = sourcecode.swift; path = ContentView.swift; sourceTree = "<group>"; };
		8E27196525F4A14600A263D2 /* ExtensionDelegate.swift */ = {isa = PBXFileReference; lastKnownFileType = sourcecode.swift; path = ExtensionDelegate.swift; sourceTree = "<group>"; };
		8E27196925F4A14600A263D2 /* Assets.xcassets */ = {isa = PBXFileReference; lastKnownFileType = folder.assetcatalog; path = Assets.xcassets; sourceTree = "<group>"; };
		8E27196E25F4A14600A263D2 /* Info.plist */ = {isa = PBXFileReference; lastKnownFileType = text.plist.xml; path = Info.plist; sourceTree = "<group>"; };
		8E3DE0D5265668D900A29D7F /* libtdjson.dylib */ = {isa = PBXFileReference; lastKnownFileType = "compiled.mach-o.dylib"; path = libtdjson.dylib; sourceTree = "<group>"; };
		8EB3418925F5D0A10030F121 /* TGService.swift */ = {isa = PBXFileReference; lastKnownFileType = sourcecode.swift; path = TGService.swift; sourceTree = "<group>"; };
		8ECD9531265A5A6900F6B600 /* TGWatchUI */ = {isa = PBXFileReference; lastKnownFileType = folder; path = TGWatchUI; sourceTree = "<group>"; };
		8ECD9534265A5B0900F6B600 /* Logger.swift */ = {isa = PBXFileReference; fileEncoding = 4; lastKnownFileType = sourcecode.swift; path = Logger.swift; sourceTree = "<group>"; };
		8ECD9536265A5BF500F6B600 /* Secrets.swift */ = {isa = PBXFileReference; fileEncoding = 4; lastKnownFileType = sourcecode.swift; path = Secrets.swift; sourceTree = "<group>"; };
/* End PBXFileReference section */

/* Begin PBXFrameworksBuildPhase section */
		8E27195925F4A14600A263D2 /* Frameworks */ = {
			isa = PBXFrameworksBuildPhase;
			buildActionMask = 2147483647;
			files = (
				8E3DE0D6265668E100A29D7F /* libtdjson.dylib in Frameworks */,
				8ECD9533265A5A7800F6B600 /* TGWatchUI in Frameworks */,
			);
			runOnlyForDeploymentPostprocessing = 0;
		};
/* End PBXFrameworksBuildPhase section */

/* Begin PBXGroup section */
		8E18ED4925F4A2A80049554A /* tdjson */ = {
			isa = PBXGroup;
			children = (
				8E18EDB925F4B3E00049554A /* watchOS */,
				8E18ED8725F4A2A80049554A /* TDLibBridgingHeader.h */,
			);
			path = tdjson;
			sourceTree = "<group>";
		};
		8E18ED8825F4A2A80049554A /* TDLibClient */ = {
			isa = PBXGroup;
			children = (
				8ECD9536265A5BF500F6B600 /* Secrets.swift */,
				8ECD9534265A5B0900F6B600 /* Logger.swift */,
				8E18ED8925F4A2A80049554A /* TDClient.swift */,
				8EB3418925F5D0A10030F121 /* TGService.swift */,
			);
			path = TDLibClient;
			sourceTree = "<group>";
		};
		8E18EDB925F4B3E00049554A /* watchOS */ = {
			isa = PBXGroup;
			children = (
				8E18EDBA25F4B3E00049554A /* include */,
				8E18EDC625F4B3E00049554A /* lib */,
			);
			path = watchOS;
			sourceTree = "<group>";
		};
		8E18EDBA25F4B3E00049554A /* include */ = {
			isa = PBXGroup;
			children = (
				8E18EDBB25F4B3E00049554A /* td */,
			);
			path = include;
			sourceTree = "<group>";
		};
		8E18EDBB25F4B3E00049554A /* td */ = {
			isa = PBXGroup;
			children = (
				8E18EDBC25F4B3E00049554A /* tl */,
				8E18EDBE25F4B3E00049554A /* telegram */,
			);
			path = td;
			sourceTree = "<group>";
		};
		8E18EDBC25F4B3E00049554A /* tl */ = {
			isa = PBXGroup;
			children = (
				8E18EDBD25F4B3E00049554A /* TlObject.h */,
			);
			path = tl;
			sourceTree = "<group>";
		};
		8E18EDBE25F4B3E00049554A /* telegram */ = {
			isa = PBXGroup;
			children = (
				8E18EDBF25F4B3E00049554A /* tdjson_export.h */,
				8E18EDC025F4B3E00049554A /* td_json_client.h */,
				8E18EDC125F4B3E00049554A /* Client.h */,
				8E18EDC225F4B3E00049554A /* td_api.h */,
				8E18EDC325F4B3E00049554A /* td_log.h */,
				8E18EDC425F4B3E00049554A /* td_api.hpp */,
				8E18EDC525F4B3E00049554A /* Log.h */,
			);
			path = telegram;
			sourceTree = "<group>";
		};
		8E18EDC625F4B3E00049554A /* lib */ = {
			isa = PBXGroup;
			children = (
				8E3DE0D5265668D900A29D7F /* libtdjson.dylib */,
			);
			path = lib;
			sourceTree = "<group>";
		};
		8E27194225F4A14400A263D2 = {
			isa = PBXGroup;
			children = (
				8E18ED9925F4A3030049554A /* README.md */,
				8ECD9531265A5A6900F6B600 /* TGWatchUI */,
				8E18ED4925F4A2A80049554A /* tdjson */,
				8E18ED8825F4A2A80049554A /* TDLibClient */,
				8E27195125F4A14500A263D2 /* TGWatchOS WatchKit App */,
				8E27196025F4A14600A263D2 /* TGWatchOS WatchKit Extension */,
				8E27194A25F4A14400A263D2 /* Products */,
				8EB3419025F5FA330030F121 /* Frameworks */,
			);
			sourceTree = "<group>";
		};
		8E27194A25F4A14400A263D2 /* Products */ = {
			isa = PBXGroup;
			children = (
				8E27194925F4A14400A263D2 /* TGWatchOS.app */,
				8E27194D25F4A14500A263D2 /* TGWatchOS WatchKit App.app */,
				8E27195C25F4A14600A263D2 /* TGWatchOS WatchKit Extension.appex */,
			);
			name = Products;
			sourceTree = "<group>";
		};
		8E27195125F4A14500A263D2 /* TGWatchOS WatchKit App */ = {
			isa = PBXGroup;
			children = (
				8E27195225F4A14500A263D2 /* Interface.storyboard */,
				8E27195525F4A14600A263D2 /* Assets.xcassets */,
				8E27195725F4A14600A263D2 /* Info.plist */,
			);
			path = "TGWatchOS WatchKit App";
			sourceTree = "<group>";
		};
		8E27196025F4A14600A263D2 /* TGWatchOS WatchKit Extension */ = {
			isa = PBXGroup;
			children = (
				8E27196125F4A14600A263D2 /* HostingController.swift */,
				8E27196325F4A14600A263D2 /* ContentView.swift */,
				8E27196525F4A14600A263D2 /* ExtensionDelegate.swift */,
				8E27196925F4A14600A263D2 /* Assets.xcassets */,
				8E27196E25F4A14600A263D2 /* Info.plist */,
			);
			path = "TGWatchOS WatchKit Extension";
			sourceTree = "<group>";
		};
		8EB3419025F5FA330030F121 /* Frameworks */ = {
			isa = PBXGroup;
			children = (
			);
			name = Frameworks;
			sourceTree = "<group>";
		};
/* End PBXGroup section */

/* Begin PBXNativeTarget section */
		8E27194825F4A14400A263D2 /* TGWatchOS */ = {
			isa = PBXNativeTarget;
			buildConfigurationList = 8E27197925F4A14600A263D2 /* Build configuration list for PBXNativeTarget "TGWatchOS" */;
			buildPhases = (
				8E27194725F4A14400A263D2 /* Resources */,
				8E27197825F4A14600A263D2 /* Embed Watch Content */,
			);
			buildRules = (
			);
			dependencies = (
				8E27195025F4A14500A263D2 /* PBXTargetDependency */,
			);
			name = TGWatchOS;
			productName = TGWatchOS;
			productReference = 8E27194925F4A14400A263D2 /* TGWatchOS.app */;
			productType = "com.apple.product-type.application.watchapp2-container";
		};
		8E27194C25F4A14500A263D2 /* TGWatchOS WatchKit App */ = {
			isa = PBXNativeTarget;
			buildConfigurationList = 8E27197525F4A14600A263D2 /* Build configuration list for PBXNativeTarget "TGWatchOS WatchKit App" */;
			buildPhases = (
				8E27194B25F4A14500A263D2 /* Resources */,
				8E27197425F4A14600A263D2 /* Embed App Extensions */,
			);
			buildRules = (
			);
			dependencies = (
				8E27195F25F4A14600A263D2 /* PBXTargetDependency */,
			);
			name = "TGWatchOS WatchKit App";
			productName = "TGWatchOS WatchKit App";
			productReference = 8E27194D25F4A14500A263D2 /* TGWatchOS WatchKit App.app */;
			productType = "com.apple.product-type.application.watchapp2";
		};
		8E27195B25F4A14600A263D2 /* TGWatchOS WatchKit Extension */ = {
			isa = PBXNativeTarget;
			buildConfigurationList = 8E27197125F4A14600A263D2 /* Build configuration list for PBXNativeTarget "TGWatchOS WatchKit Extension" */;
			buildPhases = (
				8E27195825F4A14600A263D2 /* Sources */,
				8E27195925F4A14600A263D2 /* Frameworks */,
				8E27195A25F4A14600A263D2 /* Resources */,
				8E4B8B6625F4ED8D001F4238 /* Embed Libraries */,
			);
			buildRules = (
			);
			dependencies = (
			);
			name = "TGWatchOS WatchKit Extension";
			packageProductDependencies = (
				8ECD9532265A5A7800F6B600 /* TGWatchUI */,
			);
			productName = "TGWatchOS WatchKit Extension";
			productReference = 8E27195C25F4A14600A263D2 /* TGWatchOS WatchKit Extension.appex */;
			productType = "com.apple.product-type.watchkit2-extension";
		};
/* End PBXNativeTarget section */

/* Begin PBXProject section */
		8E27194325F4A14400A263D2 /* Project object */ = {
			isa = PBXProject;
			attributes = {
				LastSwiftUpdateCheck = 1250;
				LastUpgradeCheck = 1240;
				TargetAttributes = {
					8E27194825F4A14400A263D2 = {
						CreatedOnToolsVersion = 12.4;
					};
					8E27194C25F4A14500A263D2 = {
						CreatedOnToolsVersion = 12.4;
					};
					8E27195B25F4A14600A263D2 = {
						CreatedOnToolsVersion = 12.4;
					};
				};
			};
			buildConfigurationList = 8E27194625F4A14400A263D2 /* Build configuration list for PBXProject "TGWatchOS" */;
			compatibilityVersion = "Xcode 9.3";
			developmentRegion = en;
			hasScannedForEncodings = 0;
			knownRegions = (
				en,
				Base,
			);
			mainGroup = 8E27194225F4A14400A263D2;
			productRefGroup = 8E27194A25F4A14400A263D2 /* Products */;
			projectDirPath = "";
			projectRoot = "";
			targets = (
				8E27194825F4A14400A263D2 /* TGWatchOS */,
				8E27194C25F4A14500A263D2 /* TGWatchOS WatchKit App */,
				8E27195B25F4A14600A263D2 /* TGWatchOS WatchKit Extension */,
			);
		};
/* End PBXProject section */

/* Begin PBXResourcesBuildPhase section */
		8E27194725F4A14400A263D2 /* Resources */ = {
			isa = PBXResourcesBuildPhase;
			buildActionMask = 2147483647;
			files = (
			);
			runOnlyForDeploymentPostprocessing = 0;
		};
		8E27194B25F4A14500A263D2 /* Resources */ = {
			isa = PBXResourcesBuildPhase;
			buildActionMask = 2147483647;
			files = (
				8E27195625F4A14600A263D2 /* Assets.xcassets in Resources */,
				8E27195425F4A14500A263D2 /* Interface.storyboard in Resources */,
			);
			runOnlyForDeploymentPostprocessing = 0;
		};
		8E27195A25F4A14600A263D2 /* Resources */ = {
			isa = PBXResourcesBuildPhase;
			buildActionMask = 2147483647;
			files = (
				8E27196A25F4A14600A263D2 /* Assets.xcassets in Resources */,
			);
			runOnlyForDeploymentPostprocessing = 0;
		};
/* End PBXResourcesBuildPhase section */

/* Begin PBXSourcesBuildPhase section */
		8E27195825F4A14600A263D2 /* Sources */ = {
			isa = PBXSourcesBuildPhase;
			buildActionMask = 2147483647;
			files = (
				8E27196425F4A14600A263D2 /* ContentView.swift in Sources */,
				8ECD9535265A5B0900F6B600 /* Logger.swift in Sources */,
				8ECD9537265A5BF500F6B600 /* Secrets.swift in Sources */,
				8E27196225F4A14600A263D2 /* HostingController.swift in Sources */,
				8E27196625F4A14600A263D2 /* ExtensionDelegate.swift in Sources */,
				8E18EDC925F4B3EC0049554A /* TDClient.swift in Sources */,
				8EB3418A25F5D0A10030F121 /* TGService.swift in Sources */,
			);
			runOnlyForDeploymentPostprocessing = 0;
		};
/* End PBXSourcesBuildPhase section */

/* Begin PBXTargetDependency section */
		8E27195025F4A14500A263D2 /* PBXTargetDependency */ = {
			isa = PBXTargetDependency;
			target = 8E27194C25F4A14500A263D2 /* TGWatchOS WatchKit App */;
			targetProxy = 8E27194F25F4A14500A263D2 /* PBXContainerItemProxy */;
		};
		8E27195F25F4A14600A263D2 /* PBXTargetDependency */ = {
			isa = PBXTargetDependency;
			target = 8E27195B25F4A14600A263D2 /* TGWatchOS WatchKit Extension */;
			targetProxy = 8E27195E25F4A14600A263D2 /* PBXContainerItemProxy */;
		};
/* End PBXTargetDependency section */

/* Begin PBXVariantGroup section */
		8E27195225F4A14500A263D2 /* Interface.storyboard */ = {
			isa = PBXVariantGroup;
			children = (
				8E27195325F4A14500A263D2 /* Base */,
			);
			name = Interface.storyboard;
			sourceTree = "<group>";
		};
/* End PBXVariantGroup section */

/* Begin XCBuildConfiguration section */
		8E27196F25F4A14600A263D2 /* Debug */ = {
			isa = XCBuildConfiguration;
			buildSettings = {
				ALWAYS_SEARCH_USER_PATHS = NO;
				CLANG_ANALYZER_NONNULL = YES;
				CLANG_ANALYZER_NUMBER_OBJECT_CONVERSION = YES_AGGRESSIVE;
				CLANG_CXX_LANGUAGE_STANDARD = "gnu++14";
				CLANG_CXX_LIBRARY = "libc++";
				CLANG_ENABLE_MODULES = YES;
				CLANG_ENABLE_OBJC_ARC = YES;
				CLANG_ENABLE_OBJC_WEAK = YES;
				CLANG_WARN_BLOCK_CAPTURE_AUTORELEASING = YES;
				CLANG_WARN_BOOL_CONVERSION = YES;
				CLANG_WARN_COMMA = YES;
				CLANG_WARN_CONSTANT_CONVERSION = YES;
				CLANG_WARN_DEPRECATED_OBJC_IMPLEMENTATIONS = YES;
				CLANG_WARN_DIRECT_OBJC_ISA_USAGE = YES_ERROR;
				CLANG_WARN_DOCUMENTATION_COMMENTS = YES;
				CLANG_WARN_EMPTY_BODY = YES;
				CLANG_WARN_ENUM_CONVERSION = YES;
				CLANG_WARN_INFINITE_RECURSION = YES;
				CLANG_WARN_INT_CONVERSION = YES;
				CLANG_WARN_NON_LITERAL_NULL_CONVERSION = YES;
				CLANG_WARN_OBJC_IMPLICIT_RETAIN_SELF = YES;
				CLANG_WARN_OBJC_LITERAL_CONVERSION = YES;
				CLANG_WARN_OBJC_ROOT_CLASS = YES_ERROR;
				CLANG_WARN_QUOTED_INCLUDE_IN_FRAMEWORK_HEADER = YES;
				CLANG_WARN_RANGE_LOOP_ANALYSIS = YES;
				CLANG_WARN_STRICT_PROTOTYPES = YES;
				CLANG_WARN_SUSPICIOUS_MOVE = YES;
				CLANG_WARN_UNGUARDED_AVAILABILITY = YES_AGGRESSIVE;
				CLANG_WARN_UNREACHABLE_CODE = YES;
				CLANG_WARN__DUPLICATE_METHOD_MATCH = YES;
				COPY_PHASE_STRIP = NO;
				DEBUG_INFORMATION_FORMAT = dwarf;
				ENABLE_STRICT_OBJC_MSGSEND = YES;
				ENABLE_TESTABILITY = YES;
				GCC_C_LANGUAGE_STANDARD = gnu11;
				GCC_DYNAMIC_NO_PIC = NO;
				GCC_NO_COMMON_BLOCKS = YES;
				GCC_OPTIMIZATION_LEVEL = 0;
				GCC_PREPROCESSOR_DEFINITIONS = (
					"DEBUG=1",
					"$(inherited)",
				);
				GCC_WARN_64_TO_32_BIT_CONVERSION = YES;
				GCC_WARN_ABOUT_RETURN_TYPE = YES_ERROR;
				GCC_WARN_UNDECLARED_SELECTOR = YES;
				GCC_WARN_UNINITIALIZED_AUTOS = YES_AGGRESSIVE;
				GCC_WARN_UNUSED_FUNCTION = YES;
				GCC_WARN_UNUSED_VARIABLE = YES;
				MTL_ENABLE_DEBUG_INFO = INCLUDE_SOURCE;
				MTL_FAST_MATH = YES;
				ONLY_ACTIVE_ARCH = YES;
				SDKROOT = iphoneos;
				SWIFT_ACTIVE_COMPILATION_CONDITIONS = DEBUG;
				SWIFT_OPTIMIZATION_LEVEL = "-Onone";
				WATCHOS_DEPLOYMENT_TARGET = 6.0;
			};
			name = Debug;
		};
		8E27197025F4A14600A263D2 /* Release */ = {
			isa = XCBuildConfiguration;
			buildSettings = {
				ALWAYS_SEARCH_USER_PATHS = NO;
				CLANG_ANALYZER_NONNULL = YES;
				CLANG_ANALYZER_NUMBER_OBJECT_CONVERSION = YES_AGGRESSIVE;
				CLANG_CXX_LANGUAGE_STANDARD = "gnu++14";
				CLANG_CXX_LIBRARY = "libc++";
				CLANG_ENABLE_MODULES = YES;
				CLANG_ENABLE_OBJC_ARC = YES;
				CLANG_ENABLE_OBJC_WEAK = YES;
				CLANG_WARN_BLOCK_CAPTURE_AUTORELEASING = YES;
				CLANG_WARN_BOOL_CONVERSION = YES;
				CLANG_WARN_COMMA = YES;
				CLANG_WARN_CONSTANT_CONVERSION = YES;
				CLANG_WARN_DEPRECATED_OBJC_IMPLEMENTATIONS = YES;
				CLANG_WARN_DIRECT_OBJC_ISA_USAGE = YES_ERROR;
				CLANG_WARN_DOCUMENTATION_COMMENTS = YES;
				CLANG_WARN_EMPTY_BODY = YES;
				CLANG_WARN_ENUM_CONVERSION = YES;
				CLANG_WARN_INFINITE_RECURSION = YES;
				CLANG_WARN_INT_CONVERSION = YES;
				CLANG_WARN_NON_LITERAL_NULL_CONVERSION = YES;
				CLANG_WARN_OBJC_IMPLICIT_RETAIN_SELF = YES;
				CLANG_WARN_OBJC_LITERAL_CONVERSION = YES;
				CLANG_WARN_OBJC_ROOT_CLASS = YES_ERROR;
				CLANG_WARN_QUOTED_INCLUDE_IN_FRAMEWORK_HEADER = YES;
				CLANG_WARN_RANGE_LOOP_ANALYSIS = YES;
				CLANG_WARN_STRICT_PROTOTYPES = YES;
				CLANG_WARN_SUSPICIOUS_MOVE = YES;
				CLANG_WARN_UNGUARDED_AVAILABILITY = YES_AGGRESSIVE;
				CLANG_WARN_UNREACHABLE_CODE = YES;
				CLANG_WARN__DUPLICATE_METHOD_MATCH = YES;
				COPY_PHASE_STRIP = NO;
				DEBUG_INFORMATION_FORMAT = "dwarf-with-dsym";
				ENABLE_NS_ASSERTIONS = NO;
				ENABLE_STRICT_OBJC_MSGSEND = YES;
				GCC_C_LANGUAGE_STANDARD = gnu11;
				GCC_NO_COMMON_BLOCKS = YES;
				GCC_WARN_64_TO_32_BIT_CONVERSION = YES;
				GCC_WARN_ABOUT_RETURN_TYPE = YES_ERROR;
				GCC_WARN_UNDECLARED_SELECTOR = YES;
				GCC_WARN_UNINITIALIZED_AUTOS = YES_AGGRESSIVE;
				GCC_WARN_UNUSED_FUNCTION = YES;
				GCC_WARN_UNUSED_VARIABLE = YES;
				MTL_ENABLE_DEBUG_INFO = NO;
				MTL_FAST_MATH = YES;
				SDKROOT = iphoneos;
				SWIFT_COMPILATION_MODE = wholemodule;
				SWIFT_OPTIMIZATION_LEVEL = "-O";
				VALIDATE_PRODUCT = YES;
				WATCHOS_DEPLOYMENT_TARGET = 6.0;
			};
			name = Release;
		};
		8E27197225F4A14600A263D2 /* Debug */ = {
			isa = XCBuildConfiguration;
			buildSettings = {
				ASSETCATALOG_COMPILER_COMPLICATION_NAME = Complication;
				CODE_SIGN_STYLE = Automatic;
				DEVELOPMENT_ASSET_PATHS = "\"TGWatchOS WatchKit Extension/Preview Content\"";
				DEVELOPMENT_TEAM = HHSNDG5J5M;
				ENABLE_PREVIEWS = YES;
				EXCLUDED_ARCHS = arm64;
				INFOPLIST_FILE = "TGWatchOS WatchKit Extension/Info.plist";
				LD_RUNPATH_SEARCH_PATHS = (
					"$(inherited)",
					"@executable_path/Frameworks",
					"@executable_path/../../Frameworks",
				);
				LIBRARY_SEARCH_PATHS = (
					"$(inherited)",
					"$(PROJECT_DIR)/tdjson/watchOS/lib",
				);
				ONLY_ACTIVE_ARCH = YES;
				PRODUCT_BUNDLE_IDENTIFIER = com.semenyutin.TGWatchOS.watchkitapp.watchkitextension;
				PRODUCT_NAME = "${TARGET_NAME}";
				SDKROOT = watchos;
				SKIP_INSTALL = YES;
				SWIFT_OBJC_BRIDGING_HEADER = tdjson/TDLibBridgingHeader.h;
				SWIFT_VERSION = 5.0;
				TARGETED_DEVICE_FAMILY = 4;
				USER_HEADER_SEARCH_PATHS = "$(PROJECT_DIR)/tdjson/watchOS/include";
				VALIDATE_WORKSPACE = YES;
			};
			name = Debug;
		};
		8E27197325F4A14600A263D2 /* Release */ = {
			isa = XCBuildConfiguration;
			buildSettings = {
				ASSETCATALOG_COMPILER_COMPLICATION_NAME = Complication;
				CODE_SIGN_STYLE = Automatic;
				DEVELOPMENT_ASSET_PATHS = "\"TGWatchOS WatchKit Extension/Preview Content\"";
				DEVELOPMENT_TEAM = HHSNDG5J5M;
				ENABLE_PREVIEWS = YES;
				EXCLUDED_ARCHS = arm64;
				INFOPLIST_FILE = "TGWatchOS WatchKit Extension/Info.plist";
				LD_RUNPATH_SEARCH_PATHS = (
					"$(inherited)",
					"@executable_path/Frameworks",
					"@executable_path/../../Frameworks",
				);
				LIBRARY_SEARCH_PATHS = (
					"$(inherited)",
					"$(PROJECT_DIR)/tdjson/watchOS/lib",
				);
				PRODUCT_BUNDLE_IDENTIFIER = com.semenyutin.TGWatchOS.watchkitapp.watchkitextension;
				PRODUCT_NAME = "${TARGET_NAME}";
				SDKROOT = watchos;
				SKIP_INSTALL = YES;
				SWIFT_OBJC_BRIDGING_HEADER = tdjson/TDLibBridgingHeader.h;
				SWIFT_VERSION = 5.0;
				TARGETED_DEVICE_FAMILY = 4;
				USER_HEADER_SEARCH_PATHS = "$(PROJECT_DIR)/tdjson/watchOS/include";
				VALIDATE_WORKSPACE = YES;
			};
			name = Release;
		};
		8E27197625F4A14600A263D2 /* Debug */ = {
			isa = XCBuildConfiguration;
			buildSettings = {
				ALWAYS_EMBED_SWIFT_STANDARD_LIBRARIES = YES;
				ASSETCATALOG_COMPILER_APPICON_NAME = AppIcon;
				ASSETCATALOG_COMPILER_GLOBAL_ACCENT_COLOR_NAME = AccentColor;
				CODE_SIGN_STYLE = Automatic;
				DEVELOPMENT_TEAM = HHSNDG5J5M;
				IBSC_MODULE = TGWatchOS_WatchKit_Extension;
				INFOPLIST_FILE = "TGWatchOS WatchKit App/Info.plist";
				PRODUCT_BUNDLE_IDENTIFIER = com.semenyutin.TGWatchOS.watchkitapp;
				PRODUCT_NAME = "$(TARGET_NAME)";
				SDKROOT = watchos;
				SKIP_INSTALL = YES;
				SWIFT_VERSION = 5.0;
				TARGETED_DEVICE_FAMILY = 4;
			};
			name = Debug;
		};
		8E27197725F4A14600A263D2 /* Release */ = {
			isa = XCBuildConfiguration;
			buildSettings = {
				ALWAYS_EMBED_SWIFT_STANDARD_LIBRARIES = YES;
				ASSETCATALOG_COMPILER_APPICON_NAME = AppIcon;
				ASSETCATALOG_COMPILER_GLOBAL_ACCENT_COLOR_NAME = AccentColor;
				CODE_SIGN_STYLE = Automatic;
				DEVELOPMENT_TEAM = HHSNDG5J5M;
				IBSC_MODULE = TGWatchOS_WatchKit_Extension;
				INFOPLIST_FILE = "TGWatchOS WatchKit App/Info.plist";
				PRODUCT_BUNDLE_IDENTIFIER = com.semenyutin.TGWatchOS.watchkitapp;
				PRODUCT_NAME = "$(TARGET_NAME)";
				SDKROOT = watchos;
				SKIP_INSTALL = YES;
				SWIFT_VERSION = 5.0;
				TARGETED_DEVICE_FAMILY = 4;
			};
			name = Release;
		};
		8E27197A25F4A14600A263D2 /* Debug */ = {
			isa = XCBuildConfiguration;
			buildSettings = {
				CODE_SIGN_STYLE = Automatic;
				CURRENT_PROJECT_VERSION = 1;
				DEVELOPMENT_TEAM = HHSNDG5J5M;
				MARKETING_VERSION = 1.0;
				PRODUCT_BUNDLE_IDENTIFIER = com.semenyutin.TGWatchOS;
				PRODUCT_NAME = "$(TARGET_NAME)";
				SWIFT_VERSION = 5.0;
			};
			name = Debug;
		};
		8E27197B25F4A14600A263D2 /* Release */ = {
			isa = XCBuildConfiguration;
			buildSettings = {
				CODE_SIGN_STYLE = Automatic;
				CURRENT_PROJECT_VERSION = 1;
				DEVELOPMENT_TEAM = HHSNDG5J5M;
				MARKETING_VERSION = 1.0;
				PRODUCT_BUNDLE_IDENTIFIER = com.semenyutin.TGWatchOS;
				PRODUCT_NAME = "$(TARGET_NAME)";
				SWIFT_VERSION = 5.0;
			};
			name = Release;
		};
/* End XCBuildConfiguration section */

/* Begin XCConfigurationList section */
		8E27194625F4A14400A263D2 /* Build configuration list for PBXProject "TGWatchOS" */ = {
			isa = XCConfigurationList;
			buildConfigurations = (
				8E27196F25F4A14600A263D2 /* Debug */,
				8E27197025F4A14600A263D2 /* Release */,
			);
			defaultConfigurationIsVisible = 0;
			defaultConfigurationName = Release;
		};
		8E27197125F4A14600A263D2 /* Build configuration list for PBXNativeTarget "TGWatchOS WatchKit Extension" */ = {
			isa = XCConfigurationList;
			buildConfigurations = (
				8E27197225F4A14600A263D2 /* Debug */,
				8E27197325F4A14600A263D2 /* Release */,
			);
			defaultConfigurationIsVisible = 0;
			defaultConfigurationName = Release;
		};
		8E27197525F4A14600A263D2 /* Build configuration list for PBXNativeTarget "TGWatchOS WatchKit App" */ = {
			isa = XCConfigurationList;
			buildConfigurations = (
				8E27197625F4A14600A263D2 /* Debug */,
				8E27197725F4A14600A263D2 /* Release */,
			);
			defaultConfigurationIsVisible = 0;
			defaultConfigurationName = Release;
		};
		8E27197925F4A14600A263D2 /* Build configuration list for PBXNativeTarget "TGWatchOS" */ = {
			isa = XCConfigurationList;
			buildConfigurations = (
				8E27197A25F4A14600A263D2 /* Debug */,
				8E27197B25F4A14600A263D2 /* Release */,
			);
			defaultConfigurationIsVisible = 0;
			defaultConfigurationName = Release;
		};
/* End XCConfigurationList section */

/* Begin XCSwiftPackageProductDependency section */
		8ECD9532265A5A7800F6B600 /* TGWatchUI */ = {
			isa = XCSwiftPackageProductDependency;
			productName = TGWatchUI;
		};
/* End XCSwiftPackageProductDependency section */
	};
	rootObject = 8E27194325F4A14400A263D2 /* Project object */;
}
